
Microsoft Visual Studio Solution File, Format Version 10.00
# Visual Studio 2008
Project("{FAE04EC0-301F-11D3-BF4B-00C04F79EFBC}") = "CSF", "CSF\CSF.csproj", "{E563D7BC-1AB1-4AFB-8533-51315437C6E6}"
EndProject
Project("{FAE04EC0-301F-11D3-BF4B-00C04F79EFBC}") = "Test.CSF", "Test.CSF\Test.CSF.csproj", "{11DCF35A-6E2A-4C62-B536-14B83FF5AE07}"
EndProject
Project("{FAE04EC0-301F-11D3-BF4B-00C04F79EFBC}") = "CSF.Data.NHibernate", "CSF.Data.NHibernate\CSF.Data.NHibernate.csproj", "{18466B45-F3E5-46D9-808D-EA2896CC7ACD}"
EndProject
Project("{FAE04EC0-301F-11D3-BF4B-00C04F79EFBC}") = "CSF.Testing", "CSF.Testing\CSF.Testing.csproj", "{80484DD4-6FAE-4473-9FF2-E5A68AE7C669}"
EndProject
Project("{FAE04EC0-301F-11D3-BF4B-00C04F79EFBC}") = "CSF.Testing.Mocks", "CSF.Testing.Mocks\CSF.Testing.Mocks.csproj", "{F9B97F83-AAB0-4E83-B2E6-9D4A2958B820}"
EndProject
Project("{FAE04EC0-301F-11D3-BF4B-00C04F79EFBC}") = "CSF.Web.Mvc", "CSF.Web.Mvc\CSF.Web.Mvc.csproj", "{9FC21F73-B7AA-4870-B356-993906947DAD}"
EndProject
Project("{2150E333-8FDC-42A3-9474-1A3956D46DE8}") = "Common", "Common", "{7B12E9AF-526D-4F1F-93E4-B1AB5AA9AA89}"
	ProjectSection(SolutionItems) = preProject
		Common\CommonAssemblyInfo.cs = Common\CommonAssemblyInfo.cs
	EndProjectSection
EndProject
Project("{2150E333-8FDC-42A3-9474-1A3956D46DE8}") = "Documentation", "Documentation", "{8784C0D4-1A4C-42A0-B29B-D17832369CF2}"
	ProjectSection(SolutionItems) = preProject
	EndProjectSection
EndProject
Project("{2150E333-8FDC-42A3-9474-1A3956D46DE8}") = "utils", "utils", "{AD355647-E323-4982-9E58-FD308EBFA0BB}"
	ProjectSection(SolutionItems) = preProject
		utils\build = utils\build
		utils\bump-versions = utils\bump-versions
	EndProjectSection
EndProject
Project("{FAE04EC0-301F-11D3-BF4B-00C04F79EFBC}") = "CSF.KeyValueSerializer", "CSF.KeyValueSerializer\CSF.KeyValueSerializer.csproj", "{794FC584-5189-4971-B07C-937B5B7BA461}"
EndProject
Global
	GlobalSection(SolutionConfigurationPlatforms) = preSolution
		Debug|Any CPU = Debug|Any CPU
		Release|Any CPU = Release|Any CPU
	EndGlobalSection
	GlobalSection(ProjectConfigurationPlatforms) = postSolution
		{11DCF35A-6E2A-4C62-B536-14B83FF5AE07}.Debug|Any CPU.ActiveCfg = Debug|Any CPU
		{11DCF35A-6E2A-4C62-B536-14B83FF5AE07}.Debug|Any CPU.Build.0 = Debug|Any CPU
		{11DCF35A-6E2A-4C62-B536-14B83FF5AE07}.Release|Any CPU.ActiveCfg = Release|Any CPU
		{11DCF35A-6E2A-4C62-B536-14B83FF5AE07}.Release|Any CPU.Build.0 = Release|Any CPU
		{18466B45-F3E5-46D9-808D-EA2896CC7ACD}.Debug|Any CPU.ActiveCfg = Debug|Any CPU
		{18466B45-F3E5-46D9-808D-EA2896CC7ACD}.Debug|Any CPU.Build.0 = Debug|Any CPU
		{18466B45-F3E5-46D9-808D-EA2896CC7ACD}.Release|Any CPU.ActiveCfg = Release|Any CPU
		{18466B45-F3E5-46D9-808D-EA2896CC7ACD}.Release|Any CPU.Build.0 = Release|Any CPU
		{794FC584-5189-4971-B07C-937B5B7BA461}.Debug|Any CPU.ActiveCfg = Debug|Any CPU
		{794FC584-5189-4971-B07C-937B5B7BA461}.Debug|Any CPU.Build.0 = Debug|Any CPU
		{794FC584-5189-4971-B07C-937B5B7BA461}.Release|Any CPU.ActiveCfg = Release|Any CPU
		{794FC584-5189-4971-B07C-937B5B7BA461}.Release|Any CPU.Build.0 = Release|Any CPU
		{80484DD4-6FAE-4473-9FF2-E5A68AE7C669}.Debug|Any CPU.ActiveCfg = Debug|Any CPU
		{80484DD4-6FAE-4473-9FF2-E5A68AE7C669}.Debug|Any CPU.Build.0 = Debug|Any CPU
		{80484DD4-6FAE-4473-9FF2-E5A68AE7C669}.Release|Any CPU.ActiveCfg = Release|Any CPU
		{80484DD4-6FAE-4473-9FF2-E5A68AE7C669}.Release|Any CPU.Build.0 = Release|Any CPU
		{9FC21F73-B7AA-4870-B356-993906947DAD}.Debug|Any CPU.ActiveCfg = Debug|Any CPU
		{9FC21F73-B7AA-4870-B356-993906947DAD}.Debug|Any CPU.Build.0 = Debug|Any CPU
		{9FC21F73-B7AA-4870-B356-993906947DAD}.Release|Any CPU.ActiveCfg = Release|Any CPU
		{9FC21F73-B7AA-4870-B356-993906947DAD}.Release|Any CPU.Build.0 = Release|Any CPU
		{E563D7BC-1AB1-4AFB-8533-51315437C6E6}.Debug|Any CPU.ActiveCfg = Debug|Any CPU
		{E563D7BC-1AB1-4AFB-8533-51315437C6E6}.Debug|Any CPU.Build.0 = Debug|Any CPU
		{E563D7BC-1AB1-4AFB-8533-51315437C6E6}.Release|Any CPU.ActiveCfg = Release|Any CPU
		{E563D7BC-1AB1-4AFB-8533-51315437C6E6}.Release|Any CPU.Build.0 = Release|Any CPU
		{F9B97F83-AAB0-4E83-B2E6-9D4A2958B820}.Debug|Any CPU.ActiveCfg = Debug|Any CPU
		{F9B97F83-AAB0-4E83-B2E6-9D4A2958B820}.Debug|Any CPU.Build.0 = Debug|Any CPU
		{F9B97F83-AAB0-4E83-B2E6-9D4A2958B820}.Release|Any CPU.ActiveCfg = Release|Any CPU
		{F9B97F83-AAB0-4E83-B2E6-9D4A2958B820}.Release|Any CPU.Build.0 = Release|Any CPU
	EndGlobalSection
	GlobalSection(NestedProjects) = preSolution
	EndGlobalSection
	GlobalSection(MonoDevelopProperties) = preSolution
		StartupItem = CSF\CSF.csproj
		Policies = $0
		$0.TextStylePolicy = $1
		$1.FileWidth = 120
		$1.TabWidth = 2
		$1.IndentWidth = 2
		$1.NoTabsAfterNonTabs = True
		$1.inheritsSet = VisualStudio
		$1.inheritsScope = text/plain
		$1.scope = text/plain
		version = 2.4.0
	EndGlobalSection
EndGlobal
